
Microsoft Visual Studio Solution File, Format Version 12.00
# Visual Studio Version 17
VisualStudioVersion = 17.10.34804.81
MinimumVisualStudioVersion = 10.0.40219.1
Project("{2150E333-8FDC-42A3-9474-1A3956D46DE8}") = "UserManager", "UserManager", "{98B1F156-78CB-4B8B-9A68-7525D0108A95}"
EndProject
Project("{2150E333-8FDC-42A3-9474-1A3956D46DE8}") = "TaskManager", "TaskManager", "{A85BD9E6-EA8D-44A6-8348-D802E9E20953}"
EndProject
Project("{2150E333-8FDC-42A3-9474-1A3956D46DE8}") = "Core", "Core", "{693951AA-E59D-4C8F-9EF7-B221D99BFC76}"
EndProject
Project("{2150E333-8FDC-42A3-9474-1A3956D46DE8}") = "Infrastructure", "Infrastructure", "{7A696186-E715-46FB-B7DE-9A630494E339}"
EndProject
Project("{2150E333-8FDC-42A3-9474-1A3956D46DE8}") = "Presentation", "Presentation", "{9EEBB175-BCE8-4676-909C-3A19C2FCC9E6}"
EndProject
Project("{2150E333-8FDC-42A3-9474-1A3956D46DE8}") = "Shared", "Shared", "{4B7BB6BB-3D99-4A9A-B7E4-C5370280687E}"
EndProject
Project("{2150E333-8FDC-42A3-9474-1A3956D46DE8}") = "Core", "Core", "{2DA72F9D-9A24-4100-AEAC-2DCDBA992399}"
EndProject
Project("{2150E333-8FDC-42A3-9474-1A3956D46DE8}") = "Infrastructure", "Infrastructure", "{718F874D-D729-4847-8B8D-A1C212FDC7EF}"
EndProject
Project("{2150E333-8FDC-42A3-9474-1A3956D46DE8}") = "Presentation", "Presentation", "{777575C6-BA27-44B7-A08A-57D81AA65A3A}"
EndProject
Project("{9A19103F-16F7-4668-BE54-9A1E7A4F7556}") = "JiraTwo.AppHost", "src\Shared\JiraTwo.AppHost\JiraTwo.AppHost.csproj", "{C1A9D406-6FC2-453E-8E33-1FA5797CB6CA}"
EndProject
Project("{9A19103F-16F7-4668-BE54-9A1E7A4F7556}") = "JiraTwo.ServiceDefaults", "src\Shared\JiraTwo.ServiceDefaults\JiraTwo.ServiceDefaults.csproj", "{C11172FA-8FEF-4C11-8EDC-20EFE21B54CE}"
EndProject
Project("{9A19103F-16F7-4668-BE54-9A1E7A4F7556}") = "TaskManager.Domain", "src\TaskManager\Core\TaskManager.Domain\TaskManager.Domain.csproj", "{E53A8ECF-FDFD-48A9-BFD8-FB27D0407B4B}"
EndProject
Project("{9A19103F-16F7-4668-BE54-9A1E7A4F7556}") = "TaskManager.Application", "src\TaskManager\Core\TaskManager.Application\TaskManager.Application.csproj", "{847F1978-FA11-4788-B1C1-16B66432E9A3}"
EndProject
Project("{9A19103F-16F7-4668-BE54-9A1E7A4F7556}") = "TaskManager.MigrationService", "src\TaskManager\Infrastructure\TaskManager.MigrationService\TaskManager.MigrationService.csproj", "{D09AFA56-E4FE-492F-A11B-4D1499FAD66D}"
EndProject
Project("{9A19103F-16F7-4668-BE54-9A1E7A4F7556}") = "TaskManager.Persistence", "src\TaskManager\Infrastructure\TaskManager.Persistence\TaskManager.Persistence.csproj", "{1FA77A10-58FF-4042-86D6-14F1C3754902}"
EndProject
Project("{9A19103F-16F7-4668-BE54-9A1E7A4F7556}") = "TaskManager.Client", "src\TaskManager\Presentation\TaskManager.Client\TaskManager.Client.csproj", "{43563A26-9EC9-4B72-86D4-C6F779946D8E}"
EndProject
Project("{9A19103F-16F7-4668-BE54-9A1E7A4F7556}") = "UserManager.Domain", "src\UserManager\Core\UserManager.Domain\UserManager.Domain.csproj", "{229ADECE-B2B2-4560-A6AC-7ECD7839E046}"
EndProject
Project("{9A19103F-16F7-4668-BE54-9A1E7A4F7556}") = "UserManager.Application", "src\UserManager\Core\UserManager.Application\UserManager.Application.csproj", "{63B3C7FD-B23A-41E9-B37B-A534367AA724}"
EndProject
Project("{9A19103F-16F7-4668-BE54-9A1E7A4F7556}") = "UserManager.MigrationsService", "src\UserManager\Infrastructure\UserManager.MigrationsService\UserManager.MigrationsService.csproj", "{8AA10399-2F7F-43CE-B770-56709F788911}"
EndProject
Project("{9A19103F-16F7-4668-BE54-9A1E7A4F7556}") = "UserManager.Persistence", "src\UserManager\Infrastructure\UserManager.Persistence\UserManager.Persistence.csproj", "{784F5430-024A-40E8-9278-5D876FCC9E2F}"
EndProject
Project("{9A19103F-16F7-4668-BE54-9A1E7A4F7556}") = "UserManager.Api", "src\UserManager\Presentation\UserManager.Api\UserManager.Api.csproj", "{1A0CD880-8B2D-431F-9911-9EC3B9CC6EE2}"
EndProject
Project("{9A19103F-16F7-4668-BE54-9A1E7A4F7556}") = "UserManager.Admin", "src\UserManager\Presentation\UserManager.Admin\UserManager.Admin.csproj", "{AADB4156-1E06-4E3D-A603-0D366E5AF866}"
EndProject
Project("{9A19103F-16F7-4668-BE54-9A1E7A4F7556}") = "UserManager.Infrastructure", "src\UserManager\Infrastructure\UserManager.Infrastructure\UserManager.Infrastructure.csproj", "{8F23431F-9145-4819-8EF7-E8B2DC4DB9E1}"
EndProject
Project("{9A19103F-16F7-4668-BE54-9A1E7A4F7556}") = "Persistence.Shared", "src\Shared\Persistence.Shared\Persistence.Shared.csproj", "{7D9664BE-95CD-4B2C-8D35-EF37A89EB59C}"
EndProject
Project("{9A19103F-16F7-4668-BE54-9A1E7A4F7556}") = "TaskManager.Api", "src\TaskManager\Presentation\TaskManager.Api\TaskManager.Api.csproj", "{F51637E7-94BD-4C46-BC10-30506A47A6CE}"
EndProject
Project("{9A19103F-16F7-4668-BE54-9A1E7A4F7556}") = "TaskManager.Infrastructure", "src\TaskManager\Infrastructure\TaskManager.Infrastructure\TaskManager.Infrastructure.csproj", "{C6049E9F-5278-4E42-8CAA-7B37303A4D59}"
EndProject
Project("{9A19103F-16F7-4668-BE54-9A1E7A4F7556}") = "Infrastructure.Shared", "src\Shared\Infrastructure.Shared\Infrastructure.Shared.csproj", "{2DC8D435-3255-450D-84A7-67C0CF703812}"
EndProject
Project("{9A19103F-16F7-4668-BE54-9A1E7A4F7556}") = "Presentation.Shared", "src\Shared\Presentation.Shared\Presentation.Shared.csproj", "{27C073F7-7750-4AF4-A746-672AFACAD377}"
EndProject
Global
	GlobalSection(SolutionConfigurationPlatforms) = preSolution
		Debug|Any CPU = Debug|Any CPU
		Release|Any CPU = Release|Any CPU
	EndGlobalSection
	GlobalSection(ProjectConfigurationPlatforms) = postSolution
		{C1A9D406-6FC2-453E-8E33-1FA5797CB6CA}.Debug|Any CPU.ActiveCfg = Debug|Any CPU
		{C1A9D406-6FC2-453E-8E33-1FA5797CB6CA}.Debug|Any CPU.Build.0 = Debug|Any CPU
		{C1A9D406-6FC2-453E-8E33-1FA5797CB6CA}.Release|Any CPU.ActiveCfg = Release|Any CPU
		{C1A9D406-6FC2-453E-8E33-1FA5797CB6CA}.Release|Any CPU.Build.0 = Release|Any CPU
		{C11172FA-8FEF-4C11-8EDC-20EFE21B54CE}.Debug|Any CPU.ActiveCfg = Debug|Any CPU
		{C11172FA-8FEF-4C11-8EDC-20EFE21B54CE}.Debug|Any CPU.Build.0 = Debug|Any CPU
		{C11172FA-8FEF-4C11-8EDC-20EFE21B54CE}.Release|Any CPU.ActiveCfg = Release|Any CPU
		{C11172FA-8FEF-4C11-8EDC-20EFE21B54CE}.Release|Any CPU.Build.0 = Release|Any CPU
		{E53A8ECF-FDFD-48A9-BFD8-FB27D0407B4B}.Debug|Any CPU.ActiveCfg = Debug|Any CPU
		{E53A8ECF-FDFD-48A9-BFD8-FB27D0407B4B}.Debug|Any CPU.Build.0 = Debug|Any CPU
		{E53A8ECF-FDFD-48A9-BFD8-FB27D0407B4B}.Release|Any CPU.ActiveCfg = Release|Any CPU
		{E53A8ECF-FDFD-48A9-BFD8-FB27D0407B4B}.Release|Any CPU.Build.0 = Release|Any CPU
		{847F1978-FA11-4788-B1C1-16B66432E9A3}.Debug|Any CPU.ActiveCfg = Debug|Any CPU
		{847F1978-FA11-4788-B1C1-16B66432E9A3}.Debug|Any CPU.Build.0 = Debug|Any CPU
		{847F1978-FA11-4788-B1C1-16B66432E9A3}.Release|Any CPU.ActiveCfg = Release|Any CPU
		{847F1978-FA11-4788-B1C1-16B66432E9A3}.Release|Any CPU.Build.0 = Release|Any CPU
		{D09AFA56-E4FE-492F-A11B-4D1499FAD66D}.Debug|Any CPU.ActiveCfg = Debug|Any CPU
		{D09AFA56-E4FE-492F-A11B-4D1499FAD66D}.Debug|Any CPU.Build.0 = Debug|Any CPU
		{D09AFA56-E4FE-492F-A11B-4D1499FAD66D}.Release|Any CPU.ActiveCfg = Release|Any CPU
		{D09AFA56-E4FE-492F-A11B-4D1499FAD66D}.Release|Any CPU.Build.0 = Release|Any CPU
		{1FA77A10-58FF-4042-86D6-14F1C3754902}.Debug|Any CPU.ActiveCfg = Debug|Any CPU
		{1FA77A10-58FF-4042-86D6-14F1C3754902}.Debug|Any CPU.Build.0 = Debug|Any CPU
		{1FA77A10-58FF-4042-86D6-14F1C3754902}.Release|Any CPU.ActiveCfg = Release|Any CPU
		{1FA77A10-58FF-4042-86D6-14F1C3754902}.Release|Any CPU.Build.0 = Release|Any CPU
		{43563A26-9EC9-4B72-86D4-C6F779946D8E}.Debug|Any CPU.ActiveCfg = Debug|Any CPU
		{43563A26-9EC9-4B72-86D4-C6F779946D8E}.Debug|Any CPU.Build.0 = Debug|Any CPU
		{43563A26-9EC9-4B72-86D4-C6F779946D8E}.Release|Any CPU.ActiveCfg = Release|Any CPU
		{43563A26-9EC9-4B72-86D4-C6F779946D8E}.Release|Any CPU.Build.0 = Release|Any CPU
		{229ADECE-B2B2-4560-A6AC-7ECD7839E046}.Debug|Any CPU.ActiveCfg = Debug|Any CPU
		{229ADECE-B2B2-4560-A6AC-7ECD7839E046}.Debug|Any CPU.Build.0 = Debug|Any CPU
		{229ADECE-B2B2-4560-A6AC-7ECD7839E046}.Release|Any CPU.ActiveCfg = Release|Any CPU
		{229ADECE-B2B2-4560-A6AC-7ECD7839E046}.Release|Any CPU.Build.0 = Release|Any CPU
		{63B3C7FD-B23A-41E9-B37B-A534367AA724}.Debug|Any CPU.ActiveCfg = Debug|Any CPU
		{63B3C7FD-B23A-41E9-B37B-A534367AA724}.Debug|Any CPU.Build.0 = Debug|Any CPU
		{63B3C7FD-B23A-41E9-B37B-A534367AA724}.Release|Any CPU.ActiveCfg = Release|Any CPU
		{63B3C7FD-B23A-41E9-B37B-A534367AA724}.Release|Any CPU.Build.0 = Release|Any CPU
		{8AA10399-2F7F-43CE-B770-56709F788911}.Debug|Any CPU.ActiveCfg = Debug|Any CPU
		{8AA10399-2F7F-43CE-B770-56709F788911}.Debug|Any CPU.Build.0 = Debug|Any CPU
		{8AA10399-2F7F-43CE-B770-56709F788911}.Release|Any CPU.ActiveCfg = Release|Any CPU
		{8AA10399-2F7F-43CE-B770-56709F788911}.Release|Any CPU.Build.0 = Release|Any CPU
		{784F5430-024A-40E8-9278-5D876FCC9E2F}.Debug|Any CPU.ActiveCfg = Debug|Any CPU
		{784F5430-024A-40E8-9278-5D876FCC9E2F}.Debug|Any CPU.Build.0 = Debug|Any CPU
		{784F5430-024A-40E8-9278-5D876FCC9E2F}.Release|Any CPU.ActiveCfg = Release|Any CPU
		{784F5430-024A-40E8-9278-5D876FCC9E2F}.Release|Any CPU.Build.0 = Release|Any CPU
		{1A0CD880-8B2D-431F-9911-9EC3B9CC6EE2}.Debug|Any CPU.ActiveCfg = Debug|Any CPU
		{1A0CD880-8B2D-431F-9911-9EC3B9CC6EE2}.Debug|Any CPU.Build.0 = Debug|Any CPU
		{1A0CD880-8B2D-431F-9911-9EC3B9CC6EE2}.Release|Any CPU.ActiveCfg = Release|Any CPU
		{1A0CD880-8B2D-431F-9911-9EC3B9CC6EE2}.Release|Any CPU.Build.0 = Release|Any CPU
		{AADB4156-1E06-4E3D-A603-0D366E5AF866}.Debug|Any CPU.ActiveCfg = Debug|Any CPU
		{AADB4156-1E06-4E3D-A603-0D366E5AF866}.Debug|Any CPU.Build.0 = Debug|Any CPU
		{AADB4156-1E06-4E3D-A603-0D366E5AF866}.Release|Any CPU.ActiveCfg = Release|Any CPU
		{AADB4156-1E06-4E3D-A603-0D366E5AF866}.Release|Any CPU.Build.0 = Release|Any CPU
		{8F23431F-9145-4819-8EF7-E8B2DC4DB9E1}.Debug|Any CPU.ActiveCfg = Debug|Any CPU
		{8F23431F-9145-4819-8EF7-E8B2DC4DB9E1}.Debug|Any CPU.Build.0 = Debug|Any CPU
		{8F23431F-9145-4819-8EF7-E8B2DC4DB9E1}.Release|Any CPU.ActiveCfg = Release|Any CPU
		{8F23431F-9145-4819-8EF7-E8B2DC4DB9E1}.Release|Any CPU.Build.0 = Release|Any CPU
		{7D9664BE-95CD-4B2C-8D35-EF37A89EB59C}.Debug|Any CPU.ActiveCfg = Debug|Any CPU
		{7D9664BE-95CD-4B2C-8D35-EF37A89EB59C}.Debug|Any CPU.Build.0 = Debug|Any CPU
		{7D9664BE-95CD-4B2C-8D35-EF37A89EB59C}.Release|Any CPU.ActiveCfg = Release|Any CPU
		{7D9664BE-95CD-4B2C-8D35-EF37A89EB59C}.Release|Any CPU.Build.0 = Release|Any CPU
		{F51637E7-94BD-4C46-BC10-30506A47A6CE}.Debug|Any CPU.ActiveCfg = Debug|Any CPU
		{F51637E7-94BD-4C46-BC10-30506A47A6CE}.Debug|Any CPU.Build.0 = Debug|Any CPU
		{F51637E7-94BD-4C46-BC10-30506A47A6CE}.Release|Any CPU.ActiveCfg = Release|Any CPU
		{F51637E7-94BD-4C46-BC10-30506A47A6CE}.Release|Any CPU.Build.0 = Release|Any CPU
		{C6049E9F-5278-4E42-8CAA-7B37303A4D59}.Debug|Any CPU.ActiveCfg = Debug|Any CPU
		{C6049E9F-5278-4E42-8CAA-7B37303A4D59}.Debug|Any CPU.Build.0 = Debug|Any CPU
		{C6049E9F-5278-4E42-8CAA-7B37303A4D59}.Release|Any CPU.ActiveCfg = Release|Any CPU
		{C6049E9F-5278-4E42-8CAA-7B37303A4D59}.Release|Any CPU.Build.0 = Release|Any CPU
		{2DC8D435-3255-450D-84A7-67C0CF703812}.Debug|Any CPU.ActiveCfg = Debug|Any CPU
		{2DC8D435-3255-450D-84A7-67C0CF703812}.Debug|Any CPU.Build.0 = Debug|Any CPU
		{2DC8D435-3255-450D-84A7-67C0CF703812}.Release|Any CPU.ActiveCfg = Release|Any CPU
		{2DC8D435-3255-450D-84A7-67C0CF703812}.Release|Any CPU.Build.0 = Release|Any CPU
		{27C073F7-7750-4AF4-A746-672AFACAD377}.Debug|Any CPU.ActiveCfg = Debug|Any CPU
		{27C073F7-7750-4AF4-A746-672AFACAD377}.Debug|Any CPU.Build.0 = Debug|Any CPU
		{27C073F7-7750-4AF4-A746-672AFACAD377}.Release|Any CPU.ActiveCfg = Release|Any CPU
		{27C073F7-7750-4AF4-A746-672AFACAD377}.Release|Any CPU.Build.0 = Release|Any CPU
	EndGlobalSection
	GlobalSection(SolutionProperties) = preSolution
		HideSolutionNode = FALSE
	EndGlobalSection
	GlobalSection(NestedProjects) = preSolution
		{693951AA-E59D-4C8F-9EF7-B221D99BFC76} = {A85BD9E6-EA8D-44A6-8348-D802E9E20953}
		{7A696186-E715-46FB-B7DE-9A630494E339} = {A85BD9E6-EA8D-44A6-8348-D802E9E20953}
		{9EEBB175-BCE8-4676-909C-3A19C2FCC9E6} = {A85BD9E6-EA8D-44A6-8348-D802E9E20953}
		{2DA72F9D-9A24-4100-AEAC-2DCDBA992399} = {98B1F156-78CB-4B8B-9A68-7525D0108A95}
		{718F874D-D729-4847-8B8D-A1C212FDC7EF} = {98B1F156-78CB-4B8B-9A68-7525D0108A95}
		{777575C6-BA27-44B7-A08A-57D81AA65A3A} = {98B1F156-78CB-4B8B-9A68-7525D0108A95}
		{C1A9D406-6FC2-453E-8E33-1FA5797CB6CA} = {4B7BB6BB-3D99-4A9A-B7E4-C5370280687E}
		{C11172FA-8FEF-4C11-8EDC-20EFE21B54CE} = {4B7BB6BB-3D99-4A9A-B7E4-C5370280687E}
		{E53A8ECF-FDFD-48A9-BFD8-FB27D0407B4B} = {693951AA-E59D-4C8F-9EF7-B221D99BFC76}
		{847F1978-FA11-4788-B1C1-16B66432E9A3} = {693951AA-E59D-4C8F-9EF7-B221D99BFC76}
		{D09AFA56-E4FE-492F-A11B-4D1499FAD66D} = {7A696186-E715-46FB-B7DE-9A630494E339}
		{1FA77A10-58FF-4042-86D6-14F1C3754902} = {7A696186-E715-46FB-B7DE-9A630494E339}
		{43563A26-9EC9-4B72-86D4-C6F779946D8E} = {9EEBB175-BCE8-4676-909C-3A19C2FCC9E6}
		{229ADECE-B2B2-4560-A6AC-7ECD7839E046} = {2DA72F9D-9A24-4100-AEAC-2DCDBA992399}
		{63B3C7FD-B23A-41E9-B37B-A534367AA724} = {2DA72F9D-9A24-4100-AEAC-2DCDBA992399}
		{8AA10399-2F7F-43CE-B770-56709F788911} = {718F874D-D729-4847-8B8D-A1C212FDC7EF}
		{784F5430-024A-40E8-9278-5D876FCC9E2F} = {718F874D-D729-4847-8B8D-A1C212FDC7EF}
		{1A0CD880-8B2D-431F-9911-9EC3B9CC6EE2} = {777575C6-BA27-44B7-A08A-57D81AA65A3A}
		{AADB4156-1E06-4E3D-A603-0D366E5AF866} = {777575C6-BA27-44B7-A08A-57D81AA65A3A}
		{8F23431F-9145-4819-8EF7-E8B2DC4DB9E1} = {718F874D-D729-4847-8B8D-A1C212FDC7EF}
		{7D9664BE-95CD-4B2C-8D35-EF37A89EB59C} = {4B7BB6BB-3D99-4A9A-B7E4-C5370280687E}
		{F51637E7-94BD-4C46-BC10-30506A47A6CE} = {9EEBB175-BCE8-4676-909C-3A19C2FCC9E6}
		{C6049E9F-5278-4E42-8CAA-7B37303A4D59} = {7A696186-E715-46FB-B7DE-9A630494E339}
		{2DC8D435-3255-450D-84A7-67C0CF703812} = {4B7BB6BB-3D99-4A9A-B7E4-C5370280687E}
		{27C073F7-7750-4AF4-A746-672AFACAD377} = {4B7BB6BB-3D99-4A9A-B7E4-C5370280687E}
	EndGlobalSection
	GlobalSection(ExtensibilityGlobals) = postSolution
		SolutionGuid = {41C53913-3CEC-4A01-80E4-433D22111C37}
	EndGlobalSection
EndGlobal
