
Microsoft Visual Studio Solution File, Format Version 12.00
Project("{2150E333-8FDC-42A3-9474-1A3956D46DE8}") = "Presentation", "Presentation", "{9CE241D4-7498-4A9D-927B-9E5430BC3281}"
EndProject
Project("{2150E333-8FDC-42A3-9474-1A3956D46DE8}") = "Application", "Application", "{4AFCFFAB-560C-4BA0-A58A-ACEAA0BD3557}"
EndProject
Project("{2150E333-8FDC-42A3-9474-1A3956D46DE8}") = "Infrastructure", "Infrastructure", "{F1FE3078-A079-4F37-B3F2-8C0E43FD5677}"
EndProject
Project("{2150E333-8FDC-42A3-9474-1A3956D46DE8}") = "src", "src", "{03CDA41A-80AD-46FB-BA83-50671BD37B5F}"
EndProject
Project("{2150E333-8FDC-42A3-9474-1A3956D46DE8}") = "query", "query", "{18E2DB1B-9776-4622-9271-D8C12E003ECD}"
EndProject
Project("{2150E333-8FDC-42A3-9474-1A3956D46DE8}") = "Application", "Application", "{6F1F119F-F75B-4A8A-8682-B37726D80D18}"
EndProject
Project("{2150E333-8FDC-42A3-9474-1A3956D46DE8}") = "Infrastructure", "Infrastructure", "{3832161D-0060-4202-9880-3778E2DC5557}"
EndProject
Project("{2150E333-8FDC-42A3-9474-1A3956D46DE8}") = "Presentation", "Presentation", "{CFB809B0-905C-40AB-9B3B-FE9048B19AA5}"
EndProject
Project("{FAE04EC0-301F-11D3-BF4B-00C04F79EFBC}") = "MyApplication.Domain", "src\MyApplication.Domain\MyApplication.Domain.csproj", "{6E55D2D9-DF05-470B-844B-EE85C1BEE07D}"
EndProject
Project("{FAE04EC0-301F-11D3-BF4B-00C04F79EFBC}") = "MyApplication.Application", "src\MyApplication.Application\MyApplication.Application.csproj", "{2A69F0E6-42E5-4875-97CE-E76F7C322B50}"
EndProject
Project("{FAE04EC0-301F-11D3-BF4B-00C04F79EFBC}") = "MyApplication.Persistence", "src\MyApplication.Persistence\MyApplication.Persistence.csproj", "{FD815823-BA84-471D-9994-A9B3DC165BAD}"
EndProject
Project("{FAE04EC0-301F-11D3-BF4B-00C04F79EFBC}") = "MyApplication.Api", "src\MyApplication.Api\MyApplication.Api.csproj", "{1869FE81-D614-4185-A023-D7421B4A3A5F}"
EndProject
Project("{FAE04EC0-301F-11D3-BF4B-00C04F79EFBC}") = "MyQueryApp.Application", "query\MyQueryApp.Application\MyQueryApp.Application.csproj", "{035728DC-8FE9-4BE4-A7B4-048D6993905E}"
EndProject
Project("{FAE04EC0-301F-11D3-BF4B-00C04F79EFBC}") = "MyQueryApp.Domain", "query\MyQueryApp.Domain\MyQueryApp.Domain.csproj", "{E898CDF9-0B40-40BE-8347-92D535D26169}"
EndProject
Project("{FAE04EC0-301F-11D3-BF4B-00C04F79EFBC}") = "MyQueryApp.Persistence", "query\MyQueryApp.Persistence\MyQueryApp.Persistence.csproj", "{ACD56603-5BCF-4970-9839-9631FDE7D3EC}"
EndProject
Project("{FAE04EC0-301F-11D3-BF4B-00C04F79EFBC}") = "MyQueryApp.Api", "query\MyQueryApp.Api\MyQueryApp.Api.csproj", "{4AACC14E-AB2A-4DBD-8892-E97F27B5C0BB}"
EndProject
Global
	GlobalSection(SolutionConfigurationPlatforms) = preSolution
		Debug|Any CPU = Debug|Any CPU
		Release|Any CPU = Release|Any CPU
	EndGlobalSection
	GlobalSection(ProjectConfigurationPlatforms) = postSolution
		{6E55D2D9-DF05-470B-844B-EE85C1BEE07D}.Debug|Any CPU.ActiveCfg = Debug|Any CPU
		{6E55D2D9-DF05-470B-844B-EE85C1BEE07D}.Debug|Any CPU.Build.0 = Debug|Any CPU
		{6E55D2D9-DF05-470B-844B-EE85C1BEE07D}.Release|Any CPU.ActiveCfg = Release|Any CPU
		{6E55D2D9-DF05-470B-844B-EE85C1BEE07D}.Release|Any CPU.Build.0 = Release|Any CPU
		{2A69F0E6-42E5-4875-97CE-E76F7C322B50}.Debug|Any CPU.ActiveCfg = Debug|Any CPU
		{2A69F0E6-42E5-4875-97CE-E76F7C322B50}.Debug|Any CPU.Build.0 = Debug|Any CPU
		{2A69F0E6-42E5-4875-97CE-E76F7C322B50}.Release|Any CPU.ActiveCfg = Release|Any CPU
		{2A69F0E6-42E5-4875-97CE-E76F7C322B50}.Release|Any CPU.Build.0 = Release|Any CPU
		{FD815823-BA84-471D-9994-A9B3DC165BAD}.Debug|Any CPU.ActiveCfg = Debug|Any CPU
		{FD815823-BA84-471D-9994-A9B3DC165BAD}.Debug|Any CPU.Build.0 = Debug|Any CPU
		{FD815823-BA84-471D-9994-A9B3DC165BAD}.Release|Any CPU.ActiveCfg = Release|Any CPU
		{FD815823-BA84-471D-9994-A9B3DC165BAD}.Release|Any CPU.Build.0 = Release|Any CPU
		{1869FE81-D614-4185-A023-D7421B4A3A5F}.Debug|Any CPU.ActiveCfg = Debug|Any CPU
		{1869FE81-D614-4185-A023-D7421B4A3A5F}.Debug|Any CPU.Build.0 = Debug|Any CPU
		{1869FE81-D614-4185-A023-D7421B4A3A5F}.Release|Any CPU.ActiveCfg = Release|Any CPU
		{1869FE81-D614-4185-A023-D7421B4A3A5F}.Release|Any CPU.Build.0 = Release|Any CPU
		{035728DC-8FE9-4BE4-A7B4-048D6993905E}.Debug|Any CPU.ActiveCfg = Debug|Any CPU
		{035728DC-8FE9-4BE4-A7B4-048D6993905E}.Debug|Any CPU.Build.0 = Debug|Any CPU
		{035728DC-8FE9-4BE4-A7B4-048D6993905E}.Release|Any CPU.ActiveCfg = Release|Any CPU
		{035728DC-8FE9-4BE4-A7B4-048D6993905E}.Release|Any CPU.Build.0 = Release|Any CPU
		{E898CDF9-0B40-40BE-8347-92D535D26169}.Debug|Any CPU.ActiveCfg = Debug|Any CPU
		{E898CDF9-0B40-40BE-8347-92D535D26169}.Debug|Any CPU.Build.0 = Debug|Any CPU
		{E898CDF9-0B40-40BE-8347-92D535D26169}.Release|Any CPU.ActiveCfg = Release|Any CPU
		{E898CDF9-0B40-40BE-8347-92D535D26169}.Release|Any CPU.Build.0 = Release|Any CPU
		{ACD56603-5BCF-4970-9839-9631FDE7D3EC}.Debug|Any CPU.ActiveCfg = Debug|Any CPU
		{ACD56603-5BCF-4970-9839-9631FDE7D3EC}.Debug|Any CPU.Build.0 = Debug|Any CPU
		{ACD56603-5BCF-4970-9839-9631FDE7D3EC}.Release|Any CPU.ActiveCfg = Release|Any CPU
		{ACD56603-5BCF-4970-9839-9631FDE7D3EC}.Release|Any CPU.Build.0 = Release|Any CPU
		{4AACC14E-AB2A-4DBD-8892-E97F27B5C0BB}.Debug|Any CPU.ActiveCfg = Debug|Any CPU
		{4AACC14E-AB2A-4DBD-8892-E97F27B5C0BB}.Debug|Any CPU.Build.0 = Debug|Any CPU
		{4AACC14E-AB2A-4DBD-8892-E97F27B5C0BB}.Release|Any CPU.ActiveCfg = Release|Any CPU
		{4AACC14E-AB2A-4DBD-8892-E97F27B5C0BB}.Release|Any CPU.Build.0 = Release|Any CPU
	EndGlobalSection
	GlobalSection(NestedProjects) = preSolution
		{4AFCFFAB-560C-4BA0-A58A-ACEAA0BD3557} = {03CDA41A-80AD-46FB-BA83-50671BD37B5F}
		{F1FE3078-A079-4F37-B3F2-8C0E43FD5677} = {03CDA41A-80AD-46FB-BA83-50671BD37B5F}
		{9CE241D4-7498-4A9D-927B-9E5430BC3281} = {03CDA41A-80AD-46FB-BA83-50671BD37B5F}
		{6F1F119F-F75B-4A8A-8682-B37726D80D18} = {18E2DB1B-9776-4622-9271-D8C12E003ECD}
		{3832161D-0060-4202-9880-3778E2DC5557} = {18E2DB1B-9776-4622-9271-D8C12E003ECD}
		{CFB809B0-905C-40AB-9B3B-FE9048B19AA5} = {18E2DB1B-9776-4622-9271-D8C12E003ECD}
		{6E55D2D9-DF05-470B-844B-EE85C1BEE07D} = {4AFCFFAB-560C-4BA0-A58A-ACEAA0BD3557}
		{2A69F0E6-42E5-4875-97CE-E76F7C322B50} = {4AFCFFAB-560C-4BA0-A58A-ACEAA0BD3557}
		{FD815823-BA84-471D-9994-A9B3DC165BAD} = {F1FE3078-A079-4F37-B3F2-8C0E43FD5677}
		{1869FE81-D614-4185-A023-D7421B4A3A5F} = {9CE241D4-7498-4A9D-927B-9E5430BC3281}
		{035728DC-8FE9-4BE4-A7B4-048D6993905E} = {6F1F119F-F75B-4A8A-8682-B37726D80D18}
		{E898CDF9-0B40-40BE-8347-92D535D26169} = {6F1F119F-F75B-4A8A-8682-B37726D80D18}
		{ACD56603-5BCF-4970-9839-9631FDE7D3EC} = {3832161D-0060-4202-9880-3778E2DC5557}
		{4AACC14E-AB2A-4DBD-8892-E97F27B5C0BB} = {CFB809B0-905C-40AB-9B3B-FE9048B19AA5}
	EndGlobalSection
EndGlobal
