
Microsoft Visual Studio Solution File, Format Version 12.00
# Visual Studio Version 17
VisualStudioVersion = 17.4.33205.214
MinimumVisualStudioVersion = 10.0.40219.1
Project("{9A19103F-16F7-4668-BE54-9A1E7A4F7556}") = "CheckingRestEase.Client", "CheckingRestEase.Client\CheckingRestEase.Client.csproj", "{DD184D54-F47C-4B02-B60E-2C55EC7B37E5}"
EndProject
Project("{FAE04EC0-301F-11D3-BF4B-00C04F79EFBC}") = "CheckingRestEase.Api", "CheckingRestEase.Api\CheckingRestEase.Api.csproj", "{C54271D4-B9F3-4E22-9AA6-8AEA8220AC94}"
EndProject
Global
	GlobalSection(SolutionConfigurationPlatforms) = preSolution
		Debug|Any CPU = Debug|Any CPU
		Release|Any CPU = Release|Any CPU
	EndGlobalSection
	GlobalSection(ProjectConfigurationPlatforms) = postSolution
		{DD184D54-F47C-4B02-B60E-2C55EC7B37E5}.Debug|Any CPU.ActiveCfg = Debug|Any CPU
		{DD184D54-F47C-4B02-B60E-2C55EC7B37E5}.Debug|Any CPU.Build.0 = Debug|Any CPU
		{DD184D54-F47C-4B02-B60E-2C55EC7B37E5}.Release|Any CPU.ActiveCfg = Release|Any CPU
		{DD184D54-F47C-4B02-B60E-2C55EC7B37E5}.Release|Any CPU.Build.0 = Release|Any CPU
		{C54271D4-B9F3-4E22-9AA6-8AEA8220AC94}.Debug|Any CPU.ActiveCfg = Debug|Any CPU
		{C54271D4-B9F3-4E22-9AA6-8AEA8220AC94}.Debug|Any CPU.Build.0 = Debug|Any CPU
		{C54271D4-B9F3-4E22-9AA6-8AEA8220AC94}.Release|Any CPU.ActiveCfg = Release|Any CPU
		{C54271D4-B9F3-4E22-9AA6-8AEA8220AC94}.Release|Any CPU.Build.0 = Release|Any CPU
	EndGlobalSection
	GlobalSection(SolutionProperties) = preSolution
		HideSolutionNode = FALSE
	EndGlobalSection
	GlobalSection(ExtensibilityGlobals) = postSolution
		SolutionGuid = {7A343991-705E-4D39-9819-4F94F82972CF}
	EndGlobalSection
EndGlobal
