
Microsoft Visual Studio Solution File, Format Version 12.00
Project("{FAE04EC0-301F-11D3-BF4B-00C04F79EFBC}") = "AspireSerilog.Api", "AspireSerilog.Api\AspireSerilog.Api.csproj", "{5171B3EE-EE22-49E1-BAB0-980E262F3BC1}"
EndProject
Project("{FAE04EC0-301F-11D3-BF4B-00C04F79EFBC}") = "AspireSerilog.AppHost", "AspireSerilog.AppHost\AspireSerilog.AppHost.csproj", "{7383B70B-BEDD-4896-8041-641B25FC9CF8}"
EndProject
Project("{FAE04EC0-301F-11D3-BF4B-00C04F79EFBC}") = "AspireSerilog.ServiceDefaults", "AspireSerilog.ServiceDefaults\AspireSerilog.ServiceDefaults.csproj", "{55C63616-B10B-4F28-8F0B-6D6F624F5E75}"
EndProject
Project("{FAE04EC0-301F-11D3-BF4B-00C04F79EFBC}") = "AspireSerilog.Mvc", "AspireSerilog.Mvc\AspireSerilog.Mvc.csproj", "{89FA73D0-8074-4AC0-BB63-F6D365CE5872}"
EndProject
Global
	GlobalSection(SolutionConfigurationPlatforms) = preSolution
		Debug|Any CPU = Debug|Any CPU
		Release|Any CPU = Release|Any CPU
	EndGlobalSection
	GlobalSection(ProjectConfigurationPlatforms) = postSolution
		{5171B3EE-EE22-49E1-BAB0-980E262F3BC1}.Debug|Any CPU.ActiveCfg = Debug|Any CPU
		{5171B3EE-EE22-49E1-BAB0-980E262F3BC1}.Debug|Any CPU.Build.0 = Debug|Any CPU
		{5171B3EE-EE22-49E1-BAB0-980E262F3BC1}.Release|Any CPU.ActiveCfg = Release|Any CPU
		{5171B3EE-EE22-49E1-BAB0-980E262F3BC1}.Release|Any CPU.Build.0 = Release|Any CPU
		{7383B70B-BEDD-4896-8041-641B25FC9CF8}.Debug|Any CPU.ActiveCfg = Debug|Any CPU
		{7383B70B-BEDD-4896-8041-641B25FC9CF8}.Debug|Any CPU.Build.0 = Debug|Any CPU
		{7383B70B-BEDD-4896-8041-641B25FC9CF8}.Release|Any CPU.ActiveCfg = Release|Any CPU
		{7383B70B-BEDD-4896-8041-641B25FC9CF8}.Release|Any CPU.Build.0 = Release|Any CPU
		{55C63616-B10B-4F28-8F0B-6D6F624F5E75}.Debug|Any CPU.ActiveCfg = Debug|Any CPU
		{55C63616-B10B-4F28-8F0B-6D6F624F5E75}.Debug|Any CPU.Build.0 = Debug|Any CPU
		{55C63616-B10B-4F28-8F0B-6D6F624F5E75}.Release|Any CPU.ActiveCfg = Release|Any CPU
		{55C63616-B10B-4F28-8F0B-6D6F624F5E75}.Release|Any CPU.Build.0 = Release|Any CPU
		{89FA73D0-8074-4AC0-BB63-F6D365CE5872}.Debug|Any CPU.ActiveCfg = Debug|Any CPU
		{89FA73D0-8074-4AC0-BB63-F6D365CE5872}.Debug|Any CPU.Build.0 = Debug|Any CPU
		{89FA73D0-8074-4AC0-BB63-F6D365CE5872}.Release|Any CPU.ActiveCfg = Release|Any CPU
		{89FA73D0-8074-4AC0-BB63-F6D365CE5872}.Release|Any CPU.Build.0 = Release|Any CPU
	EndGlobalSection
EndGlobal
